{
  "name": "ice-music",
  "version": "1.0.0",
  "lockfileVersion": 2,
  "requires": true,
  "packages": {
    "": {
      "name": "ice-music",
      "version": "1.0.0",
      "license": "ISC",
      "dependencies": {
        "@vant/weapp": "^1.10.18",
        "hy-event-store": "^1.2.1",
        "underscore": "^1.13.6"
      }
    },
    "node_modules/@vant/weapp": {
      "version": "1.10.18",
      "resolved": "https://registry.npmmirror.com/@vant/weapp/-/weapp-1.10.18.tgz",
      "integrity": "sha512-BEmBGVKTBfP7Re41k27Tm6lKjdWmEN0APxLWMeiYtXn7koVxrzSAdwZgZguUD7vm1lMsMhAgAIq0IMoMm/ubkQ=="
    },
    "node_modules/hy-event-store": {
      "version": "1.2.1",
      "resolved": "https://registry.npmmirror.com/hy-event-store/-/hy-event-store-1.2.1.tgz",
      "integrity": "sha512-viMS7Zj1VmFgkAENrJr0lMV29FWzaSgLg1gTcZ+WJXuPO+SOhehWqALoJIDGms02qG+tO+++VsPkgD0rXlAikA==",
      "license": "MIT"
    },
    "node_modules/underscore": {
      "version": "1.13.6",
      "resolved": "https://registry.npmmirror.com/underscore/-/underscore-1.13.6.tgz",
      "integrity": "sha512-+A5Sja4HP1M08MaXya7p5LvjuM7K6q/2EaC0+iovj/wOcMsTzMvDFbasi/oSapiwOlt252IqsKqPjCl7huKS0A==",
      "license": "MIT"
    }
  },
  "dependencies": {
    "@vant/weapp": {
      "version": "1.10.18",
      "resolved": "https://registry.npmmirror.com/@vant/weapp/-/weapp-1.10.18.tgz",
      "integrity": "sha512-BEmBGVKTBfP7Re41k27Tm6lKjdWmEN0APxLWMeiYtXn7koVxrzSAdwZgZguUD7vm1lMsMhAgAIq0IMoMm/ubkQ=="
    },
    "hy-event-store": {
      "version": "1.2.1",
      "resolved": "https://registry.npmmirror.com/hy-event-store/-/hy-event-store-1.2.1.tgz",
      "integrity": "sha512-viMS7Zj1VmFgkAENrJr0lMV29FWzaSgLg1gTcZ+WJXuPO+SOhehWqALoJIDGms02qG+tO+++VsPkgD0rXlAikA=="
    },
    "underscore": {
      "version": "1.13.6",
      "resolved": "https://registry.npmmirror.com/underscore/-/underscore-1.13.6.tgz",
      "integrity": "sha512-+A5Sja4HP1M08MaXya7p5LvjuM7K6q/2EaC0+iovj/wOcMsTzMvDFbasi/oSapiwOlt252IqsKqPjCl7huKS0A=="
    }
  }
}
