# THIS IS AN AUTOGENERATED FILE. DO NOT EDIT THIS FILE DIRECTLY.
# yarn lockfile v1


"@vant/weapp@^1.10.18":
  "integrity" "sha512-BEmBGVKTBfP7Re41k27Tm6lKjdWmEN0APxLWMeiYtXn7koVxrzSAdwZgZguUD7vm1lMsMhAgAIq0IMoMm/ubkQ=="
  "resolved" "https://registry.npmmirror.com/@vant/weapp/-/weapp-1.10.18.tgz"
  "version" "1.10.18"

"hy-event-store@^1.2.1":
  "integrity" "sha512-viMS7Zj1VmFgkAENrJr0lMV29FWzaSgLg1gTcZ+WJXuPO+SOhehWqALoJIDGms02qG+tO+++VsPkgD0rXlAikA=="
  "resolved" "https://registry.npmmirror.com/hy-event-store/-/hy-event-store-1.2.1.tgz"
  "version" "1.2.1"

"underscore@^1.13.6":
  "integrity" "sha512-+A5Sja4HP1M08MaXya7p5LvjuM7K6q/2EaC0+iovj/wOcMsTzMvDFbasi/oSapiwOlt252IqsKqPjCl7huKS0A=="
  "resolved" "https://registry.npmmirror.com/underscore/-/underscore-1.13.6.tgz"
  "version" "1.13.6"
